github.com/gorilla/mux v1.8.0 h1:i40aqfkR1h2SlN9hojwV5ZA91wcXFOvkdNIeFDP5koI=
github.com/gorilla/mux v1.8.0/go.mod h1:DVbg23sWSpFRCP0SfiEN6jmj59UnW/n46BH5rLB71So=
github.com/vedantmadane/govinda v0.0.0-20210813082603-b55c79ad2d54 h1:/y943WTihj4e2HIDAtjbsF88beHdHGc2Fw75SslLfCU=
github.com/vedantmadane/govinda v0.0.0-20210813082603-b55c79ad2d54/go.mod h1:9vgbNWEF4kQmJnYAhTQBD9XjhIPbdZ4ce16qJaVyrH8=
